// !$*UTF8*$!
{
	archiveVersion = 1;
	classes = {
	};
	objectVersion = 50;
	objects = {

/* Begin PBXBuildFile section */
		887ADFE726006CFD0075DD5F /* AppDelegate.m in Sources */ = {isa = PBXBuildFile; fileRef = 887ADFE626006CFD0075DD5F /* AppDelegate.m */; };
		887ADFED26006CFD0075DD5F /* ViewController.m in Sources */ = {isa = PBXBuildFile; fileRef = 887ADFEC26006CFD0075DD5F /* ViewController.m */; };
		887ADFF026006CFD0075DD5F /* Main.storyboard in Resources */ = {isa = PBXBuildFile; fileRef = 887ADFEE26006CFD0075DD5F /* Main.storyboard */; };
		887ADFF226006D000075DD5F /* Assets.xcassets in Resources */ = {isa = PBXBuildFile; fileRef = 887ADFF126006D000075DD5F /* Assets.xcassets */; };
		887ADFF526006D000075DD5F /* LaunchScreen.storyboard in Resources */ = {isa = PBXBuildFile; fileRef = 887ADFF326006D000075DD5F /* LaunchScreen.storyboard */; };
		887ADFF826006D000075DD5F /* main.m in Sources */ = {isa = PBXBuildFile; fileRef = 887ADFF726006D000075DD5F /* main.m */; };
		887AE00326006DC20075DD5F /* YCJsonToModelProvider.m in Sources */ = {isa = PBXBuildFile; fileRef = 887AE00226006DC20075DD5F /* YCJsonToModelProvider.m */; };
		887AE0062600709C0075DD5F /* YCJsonToModelTools.m in Sources */ = {isa = PBXBuildFile; fileRef = 887AE0052600709C0075DD5F /* YCJsonToModelTools.m */; };
		887AE00926007B990075DD5F /* YCJsonToModelFileHeaderMgr.m in Sources */ = {isa = PBXBuildFile; fileRef = 887AE00826007B990075DD5F /* YCJsonToModelFileHeaderMgr.m */; };
		887AE0382600923D0075DD5F /* YCJsonToModelHFileMgr.m in Sources */ = {isa = PBXBuildFile; fileRef = 887AE0372600923C0075DD5F /* YCJsonToModelHFileMgr.m */; };
		887AE03B260092430075DD5F /* YCJsonToModelMFileMgr.m in Sources */ = {isa = PBXBuildFile; fileRef = 887AE03A260092430075DD5F /* YCJsonToModelMFileMgr.m */; };
		88E443F52606006400E22EB2 /* ycTestJson.txt in Resources */ = {isa = PBXBuildFile; fileRef = 88E443F42606006400E22EB2 /* ycTestJson.txt */; };
		B0D07C9FB49B7BFC8FDADBEA /* libPods-YCJsonToModel.a in Frameworks */ = {isa = PBXBuildFile; fileRef = 231899085CA7E29C4CD7CD57 /* libPods-YCJsonToModel.a */; };
/* End PBXBuildFile section */

/* Begin PBXFileReference section */
		231899085CA7E29C4CD7CD57 /* libPods-YCJsonToModel.a */ = {isa = PBXFileReference; explicitFileType = archive.ar; includeInIndex = 0; path = "libPods-YCJsonToModel.a"; sourceTree = BUILT_PRODUCTS_DIR; };
		5436AA6646AFEFDD78E83C1A /* Pods-YCJsonToModel.release.xcconfig */ = {isa = PBXFileReference; includeInIndex = 1; lastKnownFileType = text.xcconfig; name = "Pods-YCJsonToModel.release.xcconfig"; path = "Target Support Files/Pods-YCJsonToModel/Pods-YCJsonToModel.release.xcconfig"; sourceTree = "<group>"; };
		887ADFE226006CFD0075DD5F /* YCJsonToModel.app */ = {isa = PBXFileReference; explicitFileType = wrapper.application; includeInIndex = 0; path = YCJsonToModel.app; sourceTree = BUILT_PRODUCTS_DIR; };
		887ADFE526006CFD0075DD5F /* AppDelegate.h */ = {isa = PBXFileReference; lastKnownFileType = sourcecode.c.h; path = AppDelegate.h; sourceTree = "<group>"; };
		887ADFE626006CFD0075DD5F /* AppDelegate.m */ = {isa = PBXFileReference; lastKnownFileType = sourcecode.c.objc; path = AppDelegate.m; sourceTree = "<group>"; };
		887ADFEB26006CFD0075DD5F /* ViewController.h */ = {isa = PBXFileReference; lastKnownFileType = sourcecode.c.h; path = ViewController.h; sourceTree = "<group>"; };
		887ADFEC26006CFD0075DD5F /* ViewController.m */ = {isa = PBXFileReference; lastKnownFileType = sourcecode.c.objc; path = ViewController.m; sourceTree = "<group>"; };
		887ADFEF26006CFD0075DD5F /* Base */ = {isa = PBXFileReference; lastKnownFileType = file.storyboard; name = Base; path = Base.lproj/Main.storyboard; sourceTree = "<group>"; };
		887ADFF126006D000075DD5F /* Assets.xcassets */ = {isa = PBXFileReference; lastKnownFileType = folder.assetcatalog; path = Assets.xcassets; sourceTree = "<group>"; };
		887ADFF426006D000075DD5F /* Base */ = {isa = PBXFileReference; lastKnownFileType = file.storyboard; name = Base; path = Base.lproj/LaunchScreen.storyboard; sourceTree = "<group>"; };
		887ADFF626006D000075DD5F /* Info.plist */ = {isa = PBXFileReference; lastKnownFileType = text.plist.xml; path = Info.plist; sourceTree = "<group>"; };
		887ADFF726006D000075DD5F /* main.m */ = {isa = PBXFileReference; lastKnownFileType = sourcecode.c.objc; path = main.m; sourceTree = "<group>"; };
		887AE00126006DC20075DD5F /* YCJsonToModelProvider.h */ = {isa = PBXFileReference; lastKnownFileType = sourcecode.c.h; path = YCJsonToModelProvider.h; sourceTree = "<group>"; };
		887AE00226006DC20075DD5F /* YCJsonToModelProvider.m */ = {isa = PBXFileReference; lastKnownFileType = sourcecode.c.objc; path = YCJsonToModelProvider.m; sourceTree = "<group>"; };
		887AE0042600709C0075DD5F /* YCJsonToModelTools.h */ = {isa = PBXFileReference; lastKnownFileType = sourcecode.c.h; path = YCJsonToModelTools.h; sourceTree = "<group>"; };
		887AE0052600709C0075DD5F /* YCJsonToModelTools.m */ = {isa = PBXFileReference; lastKnownFileType = sourcecode.c.objc; path = YCJsonToModelTools.m; sourceTree = "<group>"; };
		887AE00726007B990075DD5F /* YCJsonToModelFileHeaderMgr.h */ = {isa = PBXFileReference; lastKnownFileType = sourcecode.c.h; path = YCJsonToModelFileHeaderMgr.h; sourceTree = "<group>"; };
		887AE00826007B990075DD5F /* YCJsonToModelFileHeaderMgr.m */ = {isa = PBXFileReference; lastKnownFileType = sourcecode.c.objc; path = YCJsonToModelFileHeaderMgr.m; sourceTree = "<group>"; };
		887AE035260089B90075DD5F /* YCJsonToModelHeader.h */ = {isa = PBXFileReference; lastKnownFileType = sourcecode.c.h; path = YCJsonToModelHeader.h; sourceTree = "<group>"; };
		887AE0362600923C0075DD5F /* YCJsonToModelHFileMgr.h */ = {isa = PBXFileReference; lastKnownFileType = sourcecode.c.h; path = YCJsonToModelHFileMgr.h; sourceTree = "<group>"; };
		887AE0372600923C0075DD5F /* YCJsonToModelHFileMgr.m */ = {isa = PBXFileReference; lastKnownFileType = sourcecode.c.objc; path = YCJsonToModelHFileMgr.m; sourceTree = "<group>"; };
		887AE039260092430075DD5F /* YCJsonToModelMFileMgr.h */ = {isa = PBXFileReference; lastKnownFileType = sourcecode.c.h; path = YCJsonToModelMFileMgr.h; sourceTree = "<group>"; };
		887AE03A260092430075DD5F /* YCJsonToModelMFileMgr.m */ = {isa = PBXFileReference; lastKnownFileType = sourcecode.c.objc; path = YCJsonToModelMFileMgr.m; sourceTree = "<group>"; };
		88E443F42606006400E22EB2 /* ycTestJson.txt */ = {isa = PBXFileReference; fileEncoding = 4; lastKnownFileType = text; path = ycTestJson.txt; sourceTree = "<group>"; };
		973A797AE99CA3360DAF33CC /* Pods-YCJsonToModel.debug.xcconfig */ = {isa = PBXFileReference; includeInIndex = 1; lastKnownFileType = text.xcconfig; name = "Pods-YCJsonToModel.debug.xcconfig"; path = "Target Support Files/Pods-YCJsonToModel/Pods-YCJsonToModel.debug.xcconfig"; sourceTree = "<group>"; };
/* End PBXFileReference section */

/* Begin PBXFrameworksBuildPhase section */
		887ADFDF26006CFD0075DD5F /* Frameworks */ = {
			isa = PBXFrameworksBuildPhase;
			buildActionMask = 2147483647;
			files = (
				B0D07C9FB49B7BFC8FDADBEA /* libPods-YCJsonToModel.a in Frameworks */,
			);
			runOnlyForDeploymentPostprocessing = 0;
		};
/* End PBXFrameworksBuildPhase section */

/* Begin PBXGroup section */
		3566259AD949A97A13F29DC5 /* Pods */ = {
			isa = PBXGroup;
			children = (
				973A797AE99CA3360DAF33CC /* Pods-YCJsonToModel.debug.xcconfig */,
				5436AA6646AFEFDD78E83C1A /* Pods-YCJsonToModel.release.xcconfig */,
			);
			path = Pods;
			sourceTree = "<group>";
		};
		6BCC21FDEFFF1DC658AF2A2C /* Frameworks */ = {
			isa = PBXGroup;
			children = (
				231899085CA7E29C4CD7CD57 /* libPods-YCJsonToModel.a */,
			);
			name = Frameworks;
			sourceTree = "<group>";
		};
		887ADFD926006CFD0075DD5F = {
			isa = PBXGroup;
			children = (
				887ADFE426006CFD0075DD5F /* YCJsonToModel */,
				887ADFE326006CFD0075DD5F /* Products */,
				3566259AD949A97A13F29DC5 /* Pods */,
				6BCC21FDEFFF1DC658AF2A2C /* Frameworks */,
			);
			sourceTree = "<group>";
		};
		887ADFE326006CFD0075DD5F /* Products */ = {
			isa = PBXGroup;
			children = (
				887ADFE226006CFD0075DD5F /* YCJsonToModel.app */,
			);
			name = Products;
			sourceTree = "<group>";
		};
		887ADFE426006CFD0075DD5F /* YCJsonToModel */ = {
			isa = PBXGroup;
			children = (
				88E443F42606006400E22EB2 /* ycTestJson.txt */,
				887ADFE526006CFD0075DD5F /* AppDelegate.h */,
				887ADFE626006CFD0075DD5F /* AppDelegate.m */,
				887ADFEB26006CFD0075DD5F /* ViewController.h */,
				887ADFEC26006CFD0075DD5F /* ViewController.m */,
				887AE035260089B90075DD5F /* YCJsonToModelHeader.h */,
				887AE00126006DC20075DD5F /* YCJsonToModelProvider.h */,
				887AE00226006DC20075DD5F /* YCJsonToModelProvider.m */,
				887AE0362600923C0075DD5F /* YCJsonToModelHFileMgr.h */,
				887AE0372600923C0075DD5F /* YCJsonToModelHFileMgr.m */,
				887AE039260092430075DD5F /* YCJsonToModelMFileMgr.h */,
				887AE03A260092430075DD5F /* YCJsonToModelMFileMgr.m */,
				887AE0042600709C0075DD5F /* YCJsonToModelTools.h */,
				887AE0052600709C0075DD5F /* YCJsonToModelTools.m */,
				887AE00726007B990075DD5F /* YCJsonToModelFileHeaderMgr.h */,
				887AE00826007B990075DD5F /* YCJsonToModelFileHeaderMgr.m */,
				887ADFEE26006CFD0075DD5F /* Main.storyboard */,
				887ADFF126006D000075DD5F /* Assets.xcassets */,
				887ADFF326006D000075DD5F /* LaunchScreen.storyboard */,
				887ADFF626006D000075DD5F /* Info.plist */,
				887ADFF726006D000075DD5F /* main.m */,
			);
			path = YCJsonToModel;
			sourceTree = "<group>";
		};
/* End PBXGroup section */

/* Begin PBXNativeTarget section */
		887ADFE126006CFD0075DD5F /* YCJsonToModel */ = {
			isa = PBXNativeTarget;
			buildConfigurationList = 887ADFFB26006D000075DD5F /* Build configuration list for PBXNativeTarget "YCJsonToModel" */;
			buildPhases = (
				E7AB0DAB64881F92E116C397 /* [CP] Check Pods Manifest.lock */,
				887ADFDE26006CFD0075DD5F /* Sources */,
				887ADFDF26006CFD0075DD5F /* Frameworks */,
				887ADFE026006CFD0075DD5F /* Resources */,
			);
			buildRules = (
			);
			dependencies = (
			);
			name = YCJsonToModel;
			productName = YCJsonToModel;
			productReference = 887ADFE226006CFD0075DD5F /* YCJsonToModel.app */;
			productType = "com.apple.product-type.application";
		};
/* End PBXNativeTarget section */

/* Begin PBXProject section */
		887ADFDA26006CFD0075DD5F /* Project object */ = {
			isa = PBXProject;
			attributes = {
				LastUpgradeCheck = 1150;
				ORGANIZATIONNAME = syc;
				TargetAttributes = {
					887ADFE126006CFD0075DD5F = {
						CreatedOnToolsVersion = 11.5;
					};
				};
			};
			buildConfigurationList = 887ADFDD26006CFD0075DD5F /* Build configuration list for PBXProject "YCJsonToModel" */;
			compatibilityVersion = "Xcode 9.3";
			developmentRegion = en;
			hasScannedForEncodings = 0;
			knownRegions = (
				en,
				Base,
			);
			mainGroup = 887ADFD926006CFD0075DD5F;
			productRefGroup = 887ADFE326006CFD0075DD5F /* Products */;
			projectDirPath = "";
			projectRoot = "";
			targets = (
				887ADFE126006CFD0075DD5F /* YCJsonToModel */,
			);
		};
/* End PBXProject section */

/* Begin PBXResourcesBuildPhase section */
		887ADFE026006CFD0075DD5F /* Resources */ = {
			isa = PBXResourcesBuildPhase;
			buildActionMask = 2147483647;
			files = (
				887ADFF526006D000075DD5F /* LaunchScreen.storyboard in Resources */,
				887ADFF226006D000075DD5F /* Assets.xcassets in Resources */,
				88E443F52606006400E22EB2 /* ycTestJson.txt in Resources */,
				887ADFF026006CFD0075DD5F /* Main.storyboard in Resources */,
			);
			runOnlyForDeploymentPostprocessing = 0;
		};
/* End PBXResourcesBuildPhase section */

/* Begin PBXShellScriptBuildPhase section */
		E7AB0DAB64881F92E116C397 /* [CP] Check Pods Manifest.lock */ = {
			isa = PBXShellScriptBuildPhase;
			buildActionMask = 2147483647;
			files = (
			);
			inputFileListPaths = (
			);
			inputPaths = (
				"${PODS_PODFILE_DIR_PATH}/Podfile.lock",
				"${PODS_ROOT}/Manifest.lock",
			);
			name = "[CP] Check Pods Manifest.lock";
			outputFileListPaths = (
			);
			outputPaths = (
				"$(DERIVED_FILE_DIR)/Pods-YCJsonToModel-checkManifestLockResult.txt",
			);
			runOnlyForDeploymentPostprocessing = 0;
			shellPath = /bin/sh;
			shellScript = "diff \"${PODS_PODFILE_DIR_PATH}/Podfile.lock\" \"${PODS_ROOT}/Manifest.lock\" > /dev/null\nif [ $? != 0 ] ; then\n    # print error to STDERR\n    echo \"error: The sandbox is not in sync with the Podfile.lock. Run 'pod install' or update your CocoaPods installation.\" >&2\n    exit 1\nfi\n# This output is used by Xcode 'outputs' to avoid re-running this script phase.\necho \"SUCCESS\" > \"${SCRIPT_OUTPUT_FILE_0}\"\n";
			showEnvVarsInLog = 0;
		};
/* End PBXShellScriptBuildPhase section */

/* Begin PBXSourcesBuildPhase section */
		887ADFDE26006CFD0075DD5F /* Sources */ = {
			isa = PBXSourcesBuildPhase;
			buildActionMask = 2147483647;
			files = (
				887AE00926007B990075DD5F /* YCJsonToModelFileHeaderMgr.m in Sources */,
				887AE0382600923D0075DD5F /* YCJsonToModelHFileMgr.m in Sources */,
				887ADFED26006CFD0075DD5F /* ViewController.m in Sources */,
				887ADFE726006CFD0075DD5F /* AppDelegate.m in Sources */,
				887ADFF826006D000075DD5F /* main.m in Sources */,
				887AE0062600709C0075DD5F /* YCJsonToModelTools.m in Sources */,
				887AE00326006DC20075DD5F /* YCJsonToModelProvider.m in Sources */,
				887AE03B260092430075DD5F /* YCJsonToModelMFileMgr.m in Sources */,
			);
			runOnlyForDeploymentPostprocessing = 0;
		};
/* End PBXSourcesBuildPhase section */

/* Begin PBXVariantGroup section */
		887ADFEE26006CFD0075DD5F /* Main.storyboard */ = {
			isa = PBXVariantGroup;
			children = (
				887ADFEF26006CFD0075DD5F /* Base */,
			);
			name = Main.storyboard;
			sourceTree = "<group>";
		};
		887ADFF326006D000075DD5F /* LaunchScreen.storyboard */ = {
			isa = PBXVariantGroup;
			children = (
				887ADFF426006D000075DD5F /* Base */,
			);
			name = LaunchScreen.storyboard;
			sourceTree = "<group>";
		};
/* End PBXVariantGroup section */

/* Begin XCBuildConfiguration section */
		887ADFF926006D000075DD5F /* Debug */ = {
			isa = XCBuildConfiguration;
			buildSettings = {
				ALWAYS_SEARCH_USER_PATHS = NO;
				CLANG_ANALYZER_NONNULL = YES;
				CLANG_ANALYZER_NUMBER_OBJECT_CONVERSION = YES_AGGRESSIVE;
				CLANG_CXX_LANGUAGE_STANDARD = "gnu++14";
				CLANG_CXX_LIBRARY = "libc++";
				CLANG_ENABLE_MODULES = YES;
				CLANG_ENABLE_OBJC_ARC = YES;
				CLANG_ENABLE_OBJC_WEAK = YES;
				CLANG_WARN_BLOCK_CAPTURE_AUTORELEASING = YES;
				CLANG_WARN_BOOL_CONVERSION = YES;
				CLANG_WARN_COMMA = YES;
				CLANG_WARN_CONSTANT_CONVERSION = YES;
				CLANG_WARN_DEPRECATED_OBJC_IMPLEMENTATIONS = YES;
				CLANG_WARN_DIRECT_OBJC_ISA_USAGE = YES_ERROR;
				CLANG_WARN_DOCUMENTATION_COMMENTS = YES;
				CLANG_WARN_EMPTY_BODY = YES;
				CLANG_WARN_ENUM_CONVERSION = YES;
				CLANG_WARN_INFINITE_RECURSION = YES;
				CLANG_WARN_INT_CONVERSION = YES;
				CLANG_WARN_NON_LITERAL_NULL_CONVERSION = YES;
				CLANG_WARN_OBJC_IMPLICIT_RETAIN_SELF = YES;
				CLANG_WARN_OBJC_LITERAL_CONVERSION = YES;
				CLANG_WARN_OBJC_ROOT_CLASS = YES_ERROR;
				CLANG_WARN_RANGE_LOOP_ANALYSIS = YES;
				CLANG_WARN_STRICT_PROTOTYPES = YES;
				CLANG_WARN_SUSPICIOUS_MOVE = YES;
				CLANG_WARN_UNGUARDED_AVAILABILITY = YES_AGGRESSIVE;
				CLANG_WARN_UNREACHABLE_CODE = YES;
				CLANG_WARN__DUPLICATE_METHOD_MATCH = YES;
				COPY_PHASE_STRIP = NO;
				DEBUG_INFORMATION_FORMAT = dwarf;
				ENABLE_STRICT_OBJC_MSGSEND = YES;
				ENABLE_TESTABILITY = YES;
				GCC_C_LANGUAGE_STANDARD = gnu11;
				GCC_DYNAMIC_NO_PIC = NO;
				GCC_NO_COMMON_BLOCKS = YES;
				GCC_OPTIMIZATION_LEVEL = 0;
				GCC_PREPROCESSOR_DEFINITIONS = (
					"DEBUG=1",
					"$(inherited)",
				);
				GCC_WARN_64_TO_32_BIT_CONVERSION = YES;
				GCC_WARN_ABOUT_RETURN_TYPE = YES_ERROR;
				GCC_WARN_UNDECLARED_SELECTOR = YES;
				GCC_WARN_UNINITIALIZED_AUTOS = YES_AGGRESSIVE;
				GCC_WARN_UNUSED_FUNCTION = YES;
				GCC_WARN_UNUSED_VARIABLE = YES;
				IPHONEOS_DEPLOYMENT_TARGET = 13.5;
				MTL_ENABLE_DEBUG_INFO = INCLUDE_SOURCE;
				MTL_FAST_MATH = YES;
				ONLY_ACTIVE_ARCH = YES;
				SDKROOT = iphoneos;
			};
			name = Debug;
		};
		887ADFFA26006D000075DD5F /* Release */ = {
			isa = XCBuildConfiguration;
			buildSettings = {
				ALWAYS_SEARCH_USER_PATHS = NO;
				CLANG_ANALYZER_NONNULL = YES;
				CLANG_ANALYZER_NUMBER_OBJECT_CONVERSION = YES_AGGRESSIVE;
				CLANG_CXX_LANGUAGE_STANDARD = "gnu++14";
				CLANG_CXX_LIBRARY = "libc++";
				CLANG_ENABLE_MODULES = YES;
				CLANG_ENABLE_OBJC_ARC = YES;
				CLANG_ENABLE_OBJC_WEAK = YES;
				CLANG_WARN_BLOCK_CAPTURE_AUTORELEASING = YES;
				CLANG_WARN_BOOL_CONVERSION = YES;
				CLANG_WARN_COMMA = YES;
				CLANG_WARN_CONSTANT_CONVERSION = YES;
				CLANG_WARN_DEPRECATED_OBJC_IMPLEMENTATIONS = YES;
				CLANG_WARN_DIRECT_OBJC_ISA_USAGE = YES_ERROR;
				CLANG_WARN_DOCUMENTATION_COMMENTS = YES;
				CLANG_WARN_EMPTY_BODY = YES;
				CLANG_WARN_ENUM_CONVERSION = YES;
				CLANG_WARN_INFINITE_RECURSION = YES;
				CLANG_WARN_INT_CONVERSION = YES;
				CLANG_WARN_NON_LITERAL_NULL_CONVERSION = YES;
				CLANG_WARN_OBJC_IMPLICIT_RETAIN_SELF = YES;
				CLANG_WARN_OBJC_LITERAL_CONVERSION = YES;
				CLANG_WARN_OBJC_ROOT_CLASS = YES_ERROR;
				CLANG_WARN_RANGE_LOOP_ANALYSIS = YES;
				CLANG_WARN_STRICT_PROTOTYPES = YES;
				CLANG_WARN_SUSPICIOUS_MOVE = YES;
				CLANG_WARN_UNGUARDED_AVAILABILITY = YES_AGGRESSIVE;
				CLANG_WARN_UNREACHABLE_CODE = YES;
				CLANG_WARN__DUPLICATE_METHOD_MATCH = YES;
				COPY_PHASE_STRIP = NO;
				DEBUG_INFORMATION_FORMAT = "dwarf-with-dsym";
				ENABLE_NS_ASSERTIONS = NO;
				ENABLE_STRICT_OBJC_MSGSEND = YES;
				GCC_C_LANGUAGE_STANDARD = gnu11;
				GCC_NO_COMMON_BLOCKS = YES;
				GCC_WARN_64_TO_32_BIT_CONVERSION = YES;
				GCC_WARN_ABOUT_RETURN_TYPE = YES_ERROR;
				GCC_WARN_UNDECLARED_SELECTOR = YES;
				GCC_WARN_UNINITIALIZED_AUTOS = YES_AGGRESSIVE;
				GCC_WARN_UNUSED_FUNCTION = YES;
				GCC_WARN_UNUSED_VARIABLE = YES;
				IPHONEOS_DEPLOYMENT_TARGET = 13.5;
				MTL_ENABLE_DEBUG_INFO = NO;
				MTL_FAST_MATH = YES;
				SDKROOT = iphoneos;
				VALIDATE_PRODUCT = YES;
			};
			name = Release;
		};
		887ADFFC26006D000075DD5F /* Debug */ = {
			isa = XCBuildConfiguration;
			baseConfigurationReference = 973A797AE99CA3360DAF33CC /* Pods-YCJsonToModel.debug.xcconfig */;
			buildSettings = {
				ASSETCATALOG_COMPILER_APPICON_NAME = AppIcon;
				CODE_SIGN_STYLE = Automatic;
				GCC_PRECOMPILE_PREFIX_HEADER = YES;
				GCC_PREFIX_HEADER = "$(SRCROOT)/YCJsonToModel/YCJsonToModelHeader.h";
				INFOPLIST_FILE = YCJsonToModel/Info.plist;
				IPHONEOS_DEPLOYMENT_TARGET = 9.0;
				LD_RUNPATH_SEARCH_PATHS = (
					"$(inherited)",
					"@executable_path/Frameworks",
				);
				PRODUCT_BUNDLE_IDENTIFIER = com.syc.YCJsonToModel;
				PRODUCT_NAME = YCJsonToModel;
				TARGETED_DEVICE_FAMILY = 1;
			};
			name = Debug;
		};
		887ADFFD26006D000075DD5F /* Release */ = {
			isa = XCBuildConfiguration;
			baseConfigurationReference = 5436AA6646AFEFDD78E83C1A /* Pods-YCJsonToModel.release.xcconfig */;
			buildSettings = {
				ASSETCATALOG_COMPILER_APPICON_NAME = AppIcon;
				CODE_SIGN_STYLE = Automatic;
				GCC_PRECOMPILE_PREFIX_HEADER = YES;
				GCC_PREFIX_HEADER = "$(SRCROOT)/YCJsonToModel/YCJsonToModelHeader.h";
				INFOPLIST_FILE = YCJsonToModel/Info.plist;
				IPHONEOS_DEPLOYMENT_TARGET = 9.0;
				LD_RUNPATH_SEARCH_PATHS = (
					"$(inherited)",
					"@executable_path/Frameworks",
				);
				PRODUCT_BUNDLE_IDENTIFIER = com.syc.YCJsonToModel;
				PRODUCT_NAME = YCJsonToModel;
				TARGETED_DEVICE_FAMILY = 1;
			};
			name = Release;
		};
/* End XCBuildConfiguration section */

/* Begin XCConfigurationList section */
		887ADFDD26006CFD0075DD5F /* Build configuration list for PBXProject "YCJsonToModel" */ = {
			isa = XCConfigurationList;
			buildConfigurations = (
				887ADFF926006D000075DD5F /* Debug */,
				887ADFFA26006D000075DD5F /* Release */,
			);
			defaultConfigurationIsVisible = 0;
			defaultConfigurationName = Release;
		};
		887ADFFB26006D000075DD5F /* Build configuration list for PBXNativeTarget "YCJsonToModel" */ = {
			isa = XCConfigurationList;
			buildConfigurations = (
				887ADFFC26006D000075DD5F /* Debug */,
				887ADFFD26006D000075DD5F /* Release */,
			);
			defaultConfigurationIsVisible = 0;
			defaultConfigurationName = Release;
		};
/* End XCConfigurationList section */
	};
	rootObject = 887ADFDA26006CFD0075DD5F /* Project object */;
}
